
Microsoft Visual Studio Solution File, Format Version 10.00
# Visual Studio 2008
Project("{6989167D-11E4-40FE-8C1A-2192A86A7E90}") = "tdstool", "tdstool.vfproj", "{6158BB6F-480A-4BD3-900D-850CBF3AD76D}"
EndProject
Global
	GlobalSection(SolutionConfigurationPlatforms) = preSolution
		Debug|Win32 = Debug|Win32
		Release|Win32 = Release|Win32
	EndGlobalSection
	GlobalSection(ProjectConfigurationPlatforms) = postSolution
		{6158BB6F-480A-4BD3-900D-850CBF3AD76D}.Debug|Win32.ActiveCfg = Debug|Win32
		{6158BB6F-480A-4BD3-900D-850CBF3AD76D}.Debug|Win32.Build.0 = Debug|Win32
		{6158BB6F-480A-4BD3-900D-850CBF3AD76D}.Release|Win32.ActiveCfg = Release|Win32
		{6158BB6F-480A-4BD3-900D-850CBF3AD76D}.Release|Win32.Build.0 = Release|Win32
	EndGlobalSection
	GlobalSection(SolutionProperties) = preSolution
		HideSolutionNode = FALSE
	EndGlobalSection
EndGlobal
