
Microsoft Visual Studio Solution File, Format Version 10.00
# Visual Studio 2008
Project("{6989167D-11E4-40FE-8C1A-2192A86A7E90}") = "tdstool3D", "tdstool3D.vfproj", "{6158BB6F-480A-4BD3-900D-850CBF3AD76D}"
EndProject
Global
	GlobalSection(SolutionConfigurationPlatforms) = preSolution
		Splitstep Debug|Win32 = Splitstep Debug|Win32
		Splitstep Release|Win32 = Splitstep Release|Win32
	EndGlobalSection
	GlobalSection(ProjectConfigurationPlatforms) = postSolution
		{6158BB6F-480A-4BD3-900D-850CBF3AD76D}.Splitstep Debug|Win32.ActiveCfg = Splitstep Debug|Win32
		{6158BB6F-480A-4BD3-900D-850CBF3AD76D}.Splitstep Debug|Win32.Build.0 = Splitstep Debug|Win32
		{6158BB6F-480A-4BD3-900D-850CBF3AD76D}.Splitstep Release|Win32.ActiveCfg = Splitstep Release|Win32
		{6158BB6F-480A-4BD3-900D-850CBF3AD76D}.Splitstep Release|Win32.Build.0 = Splitstep Release|Win32
	EndGlobalSection
	GlobalSection(SolutionProperties) = preSolution
		HideSolutionNode = FALSE
	EndGlobalSection
EndGlobal
